
Microsoft Visual Studio Solution File, Format Version 12.00
# Visual Studio Version 16
VisualStudioVersion = 16.0.30621.155
MinimumVisualStudioVersion = 10.0.40219.1
Project("{8BC9CEB8-8B4A-11D0-8D11-00A0C91BC942}") = "Sandbox", "Sandbox\Sandbox.vcxproj", "{1D1EE57D-CDBE-4DB3-A782-4AE2578EBE08}"
EndProject
Project("{8BC9CEB8-8B4A-11D0-8D11-00A0C91BC942}") = "GameEngine", "GameEngine\GameEngine.vcxproj", "{C54121C8-2BB1-448F-A30E-CD202F9CB8D3}"
EndProject
Global
	GlobalSection(SolutionConfigurationPlatforms) = preSolution
		Debug|x64 = Debug|x64
		Release|x64 = Release|x64
	EndGlobalSection
	GlobalSection(ProjectConfigurationPlatforms) = postSolution
		{C54121C8-2BB1-448F-A30E-CD202F9CB8D3}.Debug|x64.ActiveCfg = Debug|x64
		{C54121C8-2BB1-448F-A30E-CD202F9CB8D3}.Debug|x64.Build.0 = Debug|x64
		{C54121C8-2BB1-448F-A30E-CD202F9CB8D3}.Release|x64.ActiveCfg = Release|x64
		{C54121C8-2BB1-448F-A30E-CD202F9CB8D3}.Release|x64.Build.0 = Release|x64
		{1D1EE57D-CDBE-4DB3-A782-4AE2578EBE08}.Debug|x64.ActiveCfg = Debug|x64
		{1D1EE57D-CDBE-4DB3-A782-4AE2578EBE08}.Debug|x64.Build.0 = Debug|x64
		{1D1EE57D-CDBE-4DB3-A782-4AE2578EBE08}.Release|x64.ActiveCfg = Release|x64
		{1D1EE57D-CDBE-4DB3-A782-4AE2578EBE08}.Release|x64.Build.0 = Release|x64
	EndGlobalSection
	GlobalSection(SolutionProperties) = preSolution
		HideSolutionNode = FALSE
	EndGlobalSection
	GlobalSection(ExtensibilityGlobals) = postSolution
		SolutionGuid = {81A170D4-C2C9-4370-832C-88DCB09729AC}
	EndGlobalSection
EndGlobal
